
Microsoft Visual Studio Solution File, Format Version 12.00
# Visual Studio Version 17
VisualStudioVersion = 17.11.35327.3
MinimumVisualStudioVersion = 10.0.40219.1
Project("{8BC9CEB8-8B4A-11D0-8D11-00A0C91BC942}") = "Lesson01", "Lesson\Lesson.vcxproj", "{8A66E041-178E-424C-8433-E3E27AAF88AD}"
EndProject
Project("{8BC9CEB8-8B4A-11D0-8D11-00A0C91BC942}") = "Lesson02", "Lesson2\Lesson2.vcxproj", "{7D2359D8-D84B-4592-9509-57AD4F4C7594}"
EndProject
Project("{8BC9CEB8-8B4A-11D0-8D11-00A0C91BC942}") = "Lesson03", "Lesson3\Lesson3.vcxproj", "{C4035004-04C4-4525-B201-3F3388433B4B}"
EndProject
Project("{8BC9CEB8-8B4A-11D0-8D11-00A0C91BC942}") = "Lesson04", "Lesson4\Lesson4.vcxproj", "{63D23AD2-D057-43C0-8190-397A114DD804}"
EndProject
Project("{8BC9CEB8-8B4A-11D0-8D11-00A0C91BC942}") = "Lesson05", "Lesson05\Lesson05.vcxproj", "{B9C02F0C-CE32-4D6B-960A-2E36AA5D4BE0}"
EndProject
Project("{8BC9CEB8-8B4A-11D0-8D11-00A0C91BC942}") = "Lesson06", "Lesson06\Lesson06.vcxproj", "{1BCA079D-1ED2-4EBF-991C-FDED7CDDE579}"
EndProject
Project("{8BC9CEB8-8B4A-11D0-8D11-00A0C91BC942}") = "Lesson07", "Lesson07\Lesson07.vcxproj", "{59986949-E060-487F-8128-96BC135FFA38}"
EndProject
Project("{8BC9CEB8-8B4A-11D0-8D11-00A0C91BC942}") = "Lesson08", "Lesson08\Lesson08.vcxproj", "{38C1CC76-A157-4389-96F9-EC69DA7BF835}"
EndProject
Global
	GlobalSection(SolutionConfigurationPlatforms) = preSolution
		Debug|x64 = Debug|x64
		Debug|x86 = Debug|x86
		Release|x64 = Release|x64
		Release|x86 = Release|x86
	EndGlobalSection
	GlobalSection(ProjectConfigurationPlatforms) = postSolution
		{8A66E041-178E-424C-8433-E3E27AAF88AD}.Debug|x64.ActiveCfg = Debug|x64
		{8A66E041-178E-424C-8433-E3E27AAF88AD}.Debug|x64.Build.0 = Debug|x64
		{8A66E041-178E-424C-8433-E3E27AAF88AD}.Debug|x86.ActiveCfg = Debug|Win32
		{8A66E041-178E-424C-8433-E3E27AAF88AD}.Debug|x86.Build.0 = Debug|Win32
		{8A66E041-178E-424C-8433-E3E27AAF88AD}.Release|x64.ActiveCfg = Release|x64
		{8A66E041-178E-424C-8433-E3E27AAF88AD}.Release|x64.Build.0 = Release|x64
		{8A66E041-178E-424C-8433-E3E27AAF88AD}.Release|x86.ActiveCfg = Release|Win32
		{8A66E041-178E-424C-8433-E3E27AAF88AD}.Release|x86.Build.0 = Release|Win32
		{7D2359D8-D84B-4592-9509-57AD4F4C7594}.Debug|x64.ActiveCfg = Debug|x64
		{7D2359D8-D84B-4592-9509-57AD4F4C7594}.Debug|x64.Build.0 = Debug|x64
		{7D2359D8-D84B-4592-9509-57AD4F4C7594}.Debug|x86.ActiveCfg = Debug|Win32
		{7D2359D8-D84B-4592-9509-57AD4F4C7594}.Debug|x86.Build.0 = Debug|Win32
		{7D2359D8-D84B-4592-9509-57AD4F4C7594}.Release|x64.ActiveCfg = Release|x64
		{7D2359D8-D84B-4592-9509-57AD4F4C7594}.Release|x64.Build.0 = Release|x64
		{7D2359D8-D84B-4592-9509-57AD4F4C7594}.Release|x86.ActiveCfg = Release|Win32
		{7D2359D8-D84B-4592-9509-57AD4F4C7594}.Release|x86.Build.0 = Release|Win32
		{C4035004-04C4-4525-B201-3F3388433B4B}.Debug|x64.ActiveCfg = Debug|x64
		{C4035004-04C4-4525-B201-3F3388433B4B}.Debug|x64.Build.0 = Debug|x64
		{C4035004-04C4-4525-B201-3F3388433B4B}.Debug|x86.ActiveCfg = Debug|Win32
		{C4035004-04C4-4525-B201-3F3388433B4B}.Debug|x86.Build.0 = Debug|Win32
		{C4035004-04C4-4525-B201-3F3388433B4B}.Release|x64.ActiveCfg = Release|x64
		{C4035004-04C4-4525-B201-3F3388433B4B}.Release|x64.Build.0 = Release|x64
		{C4035004-04C4-4525-B201-3F3388433B4B}.Release|x86.ActiveCfg = Release|Win32
		{C4035004-04C4-4525-B201-3F3388433B4B}.Release|x86.Build.0 = Release|Win32
		{63D23AD2-D057-43C0-8190-397A114DD804}.Debug|x64.ActiveCfg = Debug|x64
		{63D23AD2-D057-43C0-8190-397A114DD804}.Debug|x64.Build.0 = Debug|x64
		{63D23AD2-D057-43C0-8190-397A114DD804}.Debug|x86.ActiveCfg = Debug|Win32
		{63D23AD2-D057-43C0-8190-397A114DD804}.Debug|x86.Build.0 = Debug|Win32
		{63D23AD2-D057-43C0-8190-397A114DD804}.Release|x64.ActiveCfg = Release|x64
		{63D23AD2-D057-43C0-8190-397A114DD804}.Release|x64.Build.0 = Release|x64
		{63D23AD2-D057-43C0-8190-397A114DD804}.Release|x86.ActiveCfg = Release|Win32
		{63D23AD2-D057-43C0-8190-397A114DD804}.Release|x86.Build.0 = Release|Win32
		{B9C02F0C-CE32-4D6B-960A-2E36AA5D4BE0}.Debug|x64.ActiveCfg = Debug|x64
		{B9C02F0C-CE32-4D6B-960A-2E36AA5D4BE0}.Debug|x64.Build.0 = Debug|x64
		{B9C02F0C-CE32-4D6B-960A-2E36AA5D4BE0}.Debug|x86.ActiveCfg = Debug|Win32
		{B9C02F0C-CE32-4D6B-960A-2E36AA5D4BE0}.Debug|x86.Build.0 = Debug|Win32
		{B9C02F0C-CE32-4D6B-960A-2E36AA5D4BE0}.Release|x64.ActiveCfg = Release|x64
		{B9C02F0C-CE32-4D6B-960A-2E36AA5D4BE0}.Release|x64.Build.0 = Release|x64
		{B9C02F0C-CE32-4D6B-960A-2E36AA5D4BE0}.Release|x86.ActiveCfg = Release|Win32
		{B9C02F0C-CE32-4D6B-960A-2E36AA5D4BE0}.Release|x86.Build.0 = Release|Win32
		{1BCA079D-1ED2-4EBF-991C-FDED7CDDE579}.Debug|x64.ActiveCfg = Debug|x64
		{1BCA079D-1ED2-4EBF-991C-FDED7CDDE579}.Debug|x64.Build.0 = Debug|x64
		{1BCA079D-1ED2-4EBF-991C-FDED7CDDE579}.Debug|x86.ActiveCfg = Debug|Win32
		{1BCA079D-1ED2-4EBF-991C-FDED7CDDE579}.Debug|x86.Build.0 = Debug|Win32
		{1BCA079D-1ED2-4EBF-991C-FDED7CDDE579}.Release|x64.ActiveCfg = Release|x64
		{1BCA079D-1ED2-4EBF-991C-FDED7CDDE579}.Release|x64.Build.0 = Release|x64
		{1BCA079D-1ED2-4EBF-991C-FDED7CDDE579}.Release|x86.ActiveCfg = Release|Win32
		{1BCA079D-1ED2-4EBF-991C-FDED7CDDE579}.Release|x86.Build.0 = Release|Win32
		{59986949-E060-487F-8128-96BC135FFA38}.Debug|x64.ActiveCfg = Debug|x64
		{59986949-E060-487F-8128-96BC135FFA38}.Debug|x64.Build.0 = Debug|x64
		{59986949-E060-487F-8128-96BC135FFA38}.Debug|x86.ActiveCfg = Debug|Win32
		{59986949-E060-487F-8128-96BC135FFA38}.Debug|x86.Build.0 = Debug|Win32
		{59986949-E060-487F-8128-96BC135FFA38}.Release|x64.ActiveCfg = Release|x64
		{59986949-E060-487F-8128-96BC135FFA38}.Release|x64.Build.0 = Release|x64
		{59986949-E060-487F-8128-96BC135FFA38}.Release|x86.ActiveCfg = Release|Win32
		{59986949-E060-487F-8128-96BC135FFA38}.Release|x86.Build.0 = Release|Win32
		{38C1CC76-A157-4389-96F9-EC69DA7BF835}.Debug|x64.ActiveCfg = Debug|x64
		{38C1CC76-A157-4389-96F9-EC69DA7BF835}.Debug|x64.Build.0 = Debug|x64
		{38C1CC76-A157-4389-96F9-EC69DA7BF835}.Debug|x86.ActiveCfg = Debug|Win32
		{38C1CC76-A157-4389-96F9-EC69DA7BF835}.Debug|x86.Build.0 = Debug|Win32
		{38C1CC76-A157-4389-96F9-EC69DA7BF835}.Release|x64.ActiveCfg = Release|x64
		{38C1CC76-A157-4389-96F9-EC69DA7BF835}.Release|x64.Build.0 = Release|x64
		{38C1CC76-A157-4389-96F9-EC69DA7BF835}.Release|x86.ActiveCfg = Release|Win32
		{38C1CC76-A157-4389-96F9-EC69DA7BF835}.Release|x86.Build.0 = Release|Win32
	EndGlobalSection
	GlobalSection(SolutionProperties) = preSolution
		HideSolutionNode = FALSE
	EndGlobalSection
	GlobalSection(ExtensibilityGlobals) = postSolution
		SolutionGuid = {B4B8D880-FC38-46C7-AD3A-0D701796AF38}
	EndGlobalSection
EndGlobal
